
Microsoft Visual Studio Solution File, Format Version 12.00
# Visual Studio Version 16
VisualStudioVersion = 16.0.29306.81
MinimumVisualStudioVersion = 10.0.40219.1
Project("{FAE04EC0-301F-11D3-BF4B-00C04F79EFBC}") = "PRS-ServerProject", "PRS-ServerProject\PRS-ServerProject.csproj", "{24AE3F78-08D1-4D79-9155-9D4FADD11A7A}"
EndProject
Global
	GlobalSection(SolutionConfigurationPlatforms) = preSolution
		Debug|Any CPU = Debug|Any CPU
		Release|Any CPU = Release|Any CPU
	EndGlobalSection
	GlobalSection(ProjectConfigurationPlatforms) = postSolution
		{24AE3F78-08D1-4D79-9155-9D4FADD11A7A}.Debug|Any CPU.ActiveCfg = Debug|Any CPU
		{24AE3F78-08D1-4D79-9155-9D4FADD11A7A}.Debug|Any CPU.Build.0 = Debug|Any CPU
		{24AE3F78-08D1-4D79-9155-9D4FADD11A7A}.Release|Any CPU.ActiveCfg = Release|Any CPU
		{24AE3F78-08D1-4D79-9155-9D4FADD11A7A}.Release|Any CPU.Build.0 = Release|Any CPU
	EndGlobalSection
	GlobalSection(SolutionProperties) = preSolution
		HideSolutionNode = FALSE
	EndGlobalSection
	GlobalSection(ExtensibilityGlobals) = postSolution
		SolutionGuid = {65F38D0D-1F87-4652-9807-BC653545189B}
	EndGlobalSection
EndGlobal
